
Microsoft Visual Studio Solution File, Format Version 12.00
# Visual Studio Version 17
VisualStudioVersion = 17.7.34031.279
MinimumVisualStudioVersion = 10.0.40219.1
Project("{9A19103F-16F7-4668-BE54-9A1E7A4F7556}") = "Trident.Web", "Trident.Web\Trident.Web.csproj", "{DA14AD22-2718-4991-A55B-5A7EE8D6E8AE}"
EndProject
Project("{2150E333-8FDC-42A3-9474-1A3956D46DE8}") = "K8s", "K8s", "{742F9EEC-0930-416A-9EC0-AEB915E0B2F0}"
	ProjectSection(SolutionItems) = preProject
		..\k8s\create-dev-namespace-and-role.yaml = ..\k8s\create-dev-namespace-and-role.yaml
		..\k8s\create-dev-service-account-token.yaml = ..\k8s\create-dev-service-account-token.yaml
		..\k8s\create-prod-namespace-and-role.yaml = ..\k8s\create-prod-namespace-and-role.yaml
		..\k8s\create-prod-service-account-token.yaml = ..\k8s\create-prod-service-account-token.yaml
		..\k8s\create-staging-namespace-and-role.yaml = ..\k8s\create-staging-namespace-and-role.yaml
		..\k8s\create-staging-service-account-token.yaml = ..\k8s\create-staging-service-account-token.yaml
		..\k8s\create-test-namespace-and-role.yaml = ..\k8s\create-test-namespace-and-role.yaml
		..\k8s\create-test-service-account-token.yaml = ..\k8s\create-test-service-account-token.yaml
		..\k8s\trident-app.yaml = ..\k8s\trident-app.yaml
	EndProjectSection
EndProject
Project("{2150E333-8FDC-42A3-9474-1A3956D46DE8}") = "workflows", "workflows", "{BFF58FE3-57AE-40A2-9944-4ADCD2785474}"
	ProjectSection(SolutionItems) = preProject
		..\.github\workflows\build.yml = ..\.github\workflows\build.yml
	EndProjectSection
EndProject
Global
	GlobalSection(SolutionConfigurationPlatforms) = preSolution
		Debug|Any CPU = Debug|Any CPU
		Release|Any CPU = Release|Any CPU
	EndGlobalSection
	GlobalSection(ProjectConfigurationPlatforms) = postSolution
		{DA14AD22-2718-4991-A55B-5A7EE8D6E8AE}.Debug|Any CPU.ActiveCfg = Debug|Any CPU
		{DA14AD22-2718-4991-A55B-5A7EE8D6E8AE}.Debug|Any CPU.Build.0 = Debug|Any CPU
		{DA14AD22-2718-4991-A55B-5A7EE8D6E8AE}.Release|Any CPU.ActiveCfg = Release|Any CPU
		{DA14AD22-2718-4991-A55B-5A7EE8D6E8AE}.Release|Any CPU.Build.0 = Release|Any CPU
	EndGlobalSection
	GlobalSection(SolutionProperties) = preSolution
		HideSolutionNode = FALSE
	EndGlobalSection
	GlobalSection(ExtensibilityGlobals) = postSolution
		SolutionGuid = {3E8E166F-E6FF-4B59-B329-3737E2655791}
	EndGlobalSection
EndGlobal
